// !$*UTF8*$!
{
	archiveVersion = 1;
	classes = {
	};
	objectVersion = 56;
	objects = {

/* Begin PBXBuildFile section */
		0B2774922B8F0F3B004FE13C /* Assets.xcassets in Resources */ = {isa = PBXBuildFile; fileRef = 0B2774912B8F0F3B004FE13C /* Assets.xcassets */; };
		0B2774952B8F0F3B004FE13C /* Preview Assets.xcassets in Resources */ = {isa = PBXBuildFile; fileRef = 0B2774942B8F0F3B004FE13C /* Preview Assets.xcassets */; };
		0B48E8272B908F360048E996 /* Game.swift in Sources */ = {isa = PBXBuildFile; fileRef = 0B48E8262B908F360048E996 /* Game.swift */; };
		0B48E8292B908F5D0048E996 /* MemoryStore.swift in Sources */ = {isa = PBXBuildFile; fileRef = 0B48E8282B908F5D0048E996 /* MemoryStore.swift */; };
		0B48E82B2B908F800048E996 /* Theme.swift in Sources */ = {isa = PBXBuildFile; fileRef = 0B48E82A2B908F800048E996 /* Theme.swift */; };
		0B48E82F2B908FE20048E996 /* CardsVGrid.swift in Sources */ = {isa = PBXBuildFile; fileRef = 0B48E82E2B908FE20048E996 /* CardsVGrid.swift */; };
		0B48E8312B9090130048E996 /* Cardify.swift in Sources */ = {isa = PBXBuildFile; fileRef = 0B48E8302B9090130048E996 /* Cardify.swift */; };
		0B48E8332B9090300048E996 /* EmojiGameView.swift in Sources */ = {isa = PBXBuildFile; fileRef = 0B48E8322B9090300048E996 /* EmojiGameView.swift */; };
		0B48E8392B9090960048E996 /* Cards.swift in Sources */ = {isa = PBXBuildFile; fileRef = 0B48E8382B9090960048E996 /* Cards.swift */; };
		0B48E83D2B9091500048E996 /* MemorizeApp.swift in Sources */ = {isa = PBXBuildFile; fileRef = 0B48E83C2B9091500048E996 /* MemorizeApp.swift */; };
		0B48E83F2B9091A00048E996 /* EmojiGame.swift in Sources */ = {isa = PBXBuildFile; fileRef = 0B48E83E2B9091A00048E996 /* EmojiGame.swift */; };
		0B50A4832B9099F900752B6C /* ThemeChooser.swift in Sources */ = {isa = PBXBuildFile; fileRef = 0B50A4822B9099F900752B6C /* ThemeChooser.swift */; };
/* End PBXBuildFile section */

/* Begin PBXFileReference section */
		0B27748A2B8F0F3B004FE13C /* MemorizeApp.app */ = {isa = PBXFileReference; explicitFileType = wrapper.application; includeInIndex = 0; path = MemorizeApp.app; sourceTree = BUILT_PRODUCTS_DIR; };
		0B2774912B8F0F3B004FE13C /* Assets.xcassets */ = {isa = PBXFileReference; lastKnownFileType = folder.assetcatalog; path = Assets.xcassets; sourceTree = "<group>"; };
		0B2774942B8F0F3B004FE13C /* Preview Assets.xcassets */ = {isa = PBXFileReference; lastKnownFileType = folder.assetcatalog; path = "Preview Assets.xcassets"; sourceTree = "<group>"; };
		0B48E8262B908F360048E996 /* Game.swift */ = {isa = PBXFileReference; lastKnownFileType = sourcecode.swift; path = Game.swift; sourceTree = "<group>"; };
		0B48E8282B908F5D0048E996 /* MemoryStore.swift */ = {isa = PBXFileReference; lastKnownFileType = sourcecode.swift; path = MemoryStore.swift; sourceTree = "<group>"; };
		0B48E82A2B908F800048E996 /* Theme.swift */ = {isa = PBXFileReference; lastKnownFileType = sourcecode.swift; path = Theme.swift; sourceTree = "<group>"; };
		0B48E82E2B908FE20048E996 /* CardsVGrid.swift */ = {isa = PBXFileReference; lastKnownFileType = sourcecode.swift; path = CardsVGrid.swift; sourceTree = "<group>"; };
		0B48E8302B9090130048E996 /* Cardify.swift */ = {isa = PBXFileReference; lastKnownFileType = sourcecode.swift; path = Cardify.swift; sourceTree = "<group>"; };
		0B48E8322B9090300048E996 /* EmojiGameView.swift */ = {isa = PBXFileReference; lastKnownFileType = sourcecode.swift; path = EmojiGameView.swift; sourceTree = "<group>"; };
		0B48E8382B9090960048E996 /* Cards.swift */ = {isa = PBXFileReference; lastKnownFileType = sourcecode.swift; path = Cards.swift; sourceTree = "<group>"; };
		0B48E83C2B9091500048E996 /* MemorizeApp.swift */ = {isa = PBXFileReference; lastKnownFileType = sourcecode.swift; path = MemorizeApp.swift; sourceTree = "<group>"; };
		0B48E83E2B9091A00048E996 /* EmojiGame.swift */ = {isa = PBXFileReference; lastKnownFileType = sourcecode.swift; path = EmojiGame.swift; sourceTree = "<group>"; };
		0B50A4822B9099F900752B6C /* ThemeChooser.swift */ = {isa = PBXFileReference; lastKnownFileType = sourcecode.swift; path = ThemeChooser.swift; sourceTree = "<group>"; };
/* End PBXFileReference section */

/* Begin PBXFrameworksBuildPhase section */
		0B2774872B8F0F3B004FE13C /* Frameworks */ = {
			isa = PBXFrameworksBuildPhase;
			buildActionMask = 2147483647;
			files = (
			);
			runOnlyForDeploymentPostprocessing = 0;
		};
/* End PBXFrameworksBuildPhase section */

/* Begin PBXGroup section */
		0B2774812B8F0F3B004FE13C = {
			isa = PBXGroup;
			children = (
				0B27748C2B8F0F3B004FE13C /* MemorizeApp */,
				0B27748B2B8F0F3B004FE13C /* Products */,
			);
			sourceTree = "<group>";
		};
		0B27748B2B8F0F3B004FE13C /* Products */ = {
			isa = PBXGroup;
			children = (
				0B27748A2B8F0F3B004FE13C /* MemorizeApp.app */,
			);
			name = Products;
			sourceTree = "<group>";
		};
		0B27748C2B8F0F3B004FE13C /* MemorizeApp */ = {
			isa = PBXGroup;
			children = (
				0B27749E2B8F0F6D004FE13C /* Model */,
				0B27749D2B8F0F60004FE13C /* ViewModel */,
				0B27749B2B8F0F4A004FE13C /* View */,
				0B2774912B8F0F3B004FE13C /* Assets.xcassets */,
				0B2774932B8F0F3B004FE13C /* Preview Content */,
				0B48E83C2B9091500048E996 /* MemorizeApp.swift */,
			);
			path = MemorizeApp;
			sourceTree = "<group>";
		};
		0B2774932B8F0F3B004FE13C /* Preview Content */ = {
			isa = PBXGroup;
			children = (
				0B2774942B8F0F3B004FE13C /* Preview Assets.xcassets */,
			);
			path = "Preview Content";
			sourceTree = "<group>";
		};
		0B27749B2B8F0F4A004FE13C /* View */ = {
			isa = PBXGroup;
			children = (
				0B48E82E2B908FE20048E996 /* CardsVGrid.swift */,
				0B48E8302B9090130048E996 /* Cardify.swift */,
				0B48E8322B9090300048E996 /* EmojiGameView.swift */,
				0B48E8382B9090960048E996 /* Cards.swift */,
				0B50A4822B9099F900752B6C /* ThemeChooser.swift */,
			);
			path = View;
			sourceTree = "<group>";
		};
		0B27749D2B8F0F60004FE13C /* ViewModel */ = {
			isa = PBXGroup;
			children = (
				0B48E83E2B9091A00048E996 /* EmojiGame.swift */,
			);
			path = ViewModel;
			sourceTree = "<group>";
		};
		0B27749E2B8F0F6D004FE13C /* Model */ = {
			isa = PBXGroup;
			children = (
				0B48E8262B908F360048E996 /* Game.swift */,
				0B48E8282B908F5D0048E996 /* MemoryStore.swift */,
				0B48E82A2B908F800048E996 /* Theme.swift */,
			);
			path = Model;
			sourceTree = "<group>";
		};
/* End PBXGroup section */

/* Begin PBXNativeTarget section */
		0B2774892B8F0F3B004FE13C /* MemorizeApp */ = {
			isa = PBXNativeTarget;
			buildConfigurationList = 0B2774982B8F0F3B004FE13C /* Build configuration list for PBXNativeTarget "MemorizeApp" */;
			buildPhases = (
				0B2774862B8F0F3B004FE13C /* Sources */,
				0B2774872B8F0F3B004FE13C /* Frameworks */,
				0B2774882B8F0F3B004FE13C /* Resources */,
			);
			buildRules = (
			);
			dependencies = (
			);
			name = MemorizeApp;
			productName = MemorizeApp;
			productReference = 0B27748A2B8F0F3B004FE13C /* MemorizeApp.app */;
			productType = "com.apple.product-type.application";
		};
/* End PBXNativeTarget section */

/* Begin PBXProject section */
		0B2774822B8F0F3B004FE13C /* Project object */ = {
			isa = PBXProject;
			attributes = {
				BuildIndependentTargetsInParallel = 1;
				LastSwiftUpdateCheck = 1520;
				LastUpgradeCheck = 1520;
				TargetAttributes = {
					0B2774892B8F0F3B004FE13C = {
						CreatedOnToolsVersion = 15.2;
					};
				};
			};
			buildConfigurationList = 0B2774852B8F0F3B004FE13C /* Build configuration list for PBXProject "MemorizeApp" */;
			compatibilityVersion = "Xcode 14.0";
			developmentRegion = en;
			hasScannedForEncodings = 0;
			knownRegions = (
				en,
				Base,
			);
			mainGroup = 0B2774812B8F0F3B004FE13C;
			productRefGroup = 0B27748B2B8F0F3B004FE13C /* Products */;
			projectDirPath = "";
			projectRoot = "";
			targets = (
				0B2774892B8F0F3B004FE13C /* MemorizeApp */,
			);
		};
/* End PBXProject section */

/* Begin PBXResourcesBuildPhase section */
		0B2774882B8F0F3B004FE13C /* Resources */ = {
			isa = PBXResourcesBuildPhase;
			buildActionMask = 2147483647;
			files = (
				0B2774952B8F0F3B004FE13C /* Preview Assets.xcassets in Resources */,
				0B2774922B8F0F3B004FE13C /* Assets.xcassets in Resources */,
			);
			runOnlyForDeploymentPostprocessing = 0;
		};
/* End PBXResourcesBuildPhase section */

/* Begin PBXSourcesBuildPhase section */
		0B2774862B8F0F3B004FE13C /* Sources */ = {
			isa = PBXSourcesBuildPhase;
			buildActionMask = 2147483647;
			files = (
				0B48E8272B908F360048E996 /* Game.swift in Sources */,
				0B48E8312B9090130048E996 /* Cardify.swift in Sources */,
				0B48E82F2B908FE20048E996 /* CardsVGrid.swift in Sources */,
				0B48E82B2B908F800048E996 /* Theme.swift in Sources */,
				0B48E8292B908F5D0048E996 /* MemoryStore.swift in Sources */,
				0B48E8332B9090300048E996 /* EmojiGameView.swift in Sources */,
				0B48E83D2B9091500048E996 /* MemorizeApp.swift in Sources */,
				0B48E8392B9090960048E996 /* Cards.swift in Sources */,
				0B48E83F2B9091A00048E996 /* EmojiGame.swift in Sources */,
				0B50A4832B9099F900752B6C /* ThemeChooser.swift in Sources */,
			);
			runOnlyForDeploymentPostprocessing = 0;
		};
/* End PBXSourcesBuildPhase section */

/* Begin XCBuildConfiguration section */
		0B2774962B8F0F3B004FE13C /* Debug */ = {
			isa = XCBuildConfiguration;
			buildSettings = {
				ALWAYS_SEARCH_USER_PATHS = NO;
				ASSETCATALOG_COMPILER_GENERATE_SWIFT_ASSET_SYMBOL_EXTENSIONS = YES;
				CLANG_ANALYZER_NONNULL = YES;
				CLANG_ANALYZER_NUMBER_OBJECT_CONVERSION = YES_AGGRESSIVE;
				CLANG_CXX_LANGUAGE_STANDARD = "gnu++20";
				CLANG_ENABLE_MODULES = YES;
				CLANG_ENABLE_OBJC_ARC = YES;
				CLANG_ENABLE_OBJC_WEAK = YES;
				CLANG_WARN_BLOCK_CAPTURE_AUTORELEASING = YES;
				CLANG_WARN_BOOL_CONVERSION = YES;
				CLANG_WARN_COMMA = YES;
				CLANG_WARN_CONSTANT_CONVERSION = YES;
				CLANG_WARN_DEPRECATED_OBJC_IMPLEMENTATIONS = YES;
				CLANG_WARN_DIRECT_OBJC_ISA_USAGE = YES_ERROR;
				CLANG_WARN_DOCUMENTATION_COMMENTS = YES;
				CLANG_WARN_EMPTY_BODY = YES;
				CLANG_WARN_ENUM_CONVERSION = YES;
				CLANG_WARN_INFINITE_RECURSION = YES;
				CLANG_WARN_INT_CONVERSION = YES;
				CLANG_WARN_NON_LITERAL_NULL_CONVERSION = YES;
				CLANG_WARN_OBJC_IMPLICIT_RETAIN_SELF = YES;
				CLANG_WARN_OBJC_LITERAL_CONVERSION = YES;
				CLANG_WARN_OBJC_ROOT_CLASS = YES_ERROR;
				CLANG_WARN_QUOTED_INCLUDE_IN_FRAMEWORK_HEADER = YES;
				CLANG_WARN_RANGE_LOOP_ANALYSIS = YES;
				CLANG_WARN_STRICT_PROTOTYPES = YES;
				CLANG_WARN_SUSPICIOUS_MOVE = YES;
				CLANG_WARN_UNGUARDED_AVAILABILITY = YES_AGGRESSIVE;
				CLANG_WARN_UNREACHABLE_CODE = YES;
				CLANG_WARN__DUPLICATE_METHOD_MATCH = YES;
				COPY_PHASE_STRIP = NO;
				DEBUG_INFORMATION_FORMAT = dwarf;
				ENABLE_STRICT_OBJC_MSGSEND = YES;
				ENABLE_TESTABILITY = YES;
				ENABLE_USER_SCRIPT_SANDBOXING = YES;
				GCC_C_LANGUAGE_STANDARD = gnu17;
				GCC_DYNAMIC_NO_PIC = NO;
				GCC_NO_COMMON_BLOCKS = YES;
				GCC_OPTIMIZATION_LEVEL = 0;
				GCC_PREPROCESSOR_DEFINITIONS = (
					"DEBUG=1",
					"$(inherited)",
				);
				GCC_WARN_64_TO_32_BIT_CONVERSION = YES;
				GCC_WARN_ABOUT_RETURN_TYPE = YES_ERROR;
				GCC_WARN_UNDECLARED_SELECTOR = YES;
				GCC_WARN_UNINITIALIZED_AUTOS = YES_AGGRESSIVE;
				GCC_WARN_UNUSED_FUNCTION = YES;
				GCC_WARN_UNUSED_VARIABLE = YES;
				IPHONEOS_DEPLOYMENT_TARGET = 17.2;
				LOCALIZATION_PREFERS_STRING_CATALOGS = YES;
				MTL_ENABLE_DEBUG_INFO = INCLUDE_SOURCE;
				MTL_FAST_MATH = YES;
				ONLY_ACTIVE_ARCH = YES;
				SDKROOT = iphoneos;
				SWIFT_ACTIVE_COMPILATION_CONDITIONS = "DEBUG $(inherited)";
				SWIFT_OPTIMIZATION_LEVEL = "-Onone";
			};
			name = Debug;
		};
		0B2774972B8F0F3B004FE13C /* Release */ = {
			isa = XCBuildConfiguration;
			buildSettings = {
				ALWAYS_SEARCH_USER_PATHS = NO;
				ASSETCATALOG_COMPILER_GENERATE_SWIFT_ASSET_SYMBOL_EXTENSIONS = YES;
				CLANG_ANALYZER_NONNULL = YES;
				CLANG_ANALYZER_NUMBER_OBJECT_CONVERSION = YES_AGGRESSIVE;
				CLANG_CXX_LANGUAGE_STANDARD = "gnu++20";
				CLANG_ENABLE_MODULES = YES;
				CLANG_ENABLE_OBJC_ARC = YES;
				CLANG_ENABLE_OBJC_WEAK = YES;
				CLANG_WARN_BLOCK_CAPTURE_AUTORELEASING = YES;
				CLANG_WARN_BOOL_CONVERSION = YES;
				CLANG_WARN_COMMA = YES;
				CLANG_WARN_CONSTANT_CONVERSION = YES;
				CLANG_WARN_DEPRECATED_OBJC_IMPLEMENTATIONS = YES;
				CLANG_WARN_DIRECT_OBJC_ISA_USAGE = YES_ERROR;
				CLANG_WARN_DOCUMENTATION_COMMENTS = YES;
				CLANG_WARN_EMPTY_BODY = YES;
				CLANG_WARN_ENUM_CONVERSION = YES;
				CLANG_WARN_INFINITE_RECURSION = YES;
				CLANG_WARN_INT_CONVERSION = YES;
				CLANG_WARN_NON_LITERAL_NULL_CONVERSION = YES;
				CLANG_WARN_OBJC_IMPLICIT_RETAIN_SELF = YES;
				CLANG_WARN_OBJC_LITERAL_CONVERSION = YES;
				CLANG_WARN_OBJC_ROOT_CLASS = YES_ERROR;
				CLANG_WARN_QUOTED_INCLUDE_IN_FRAMEWORK_HEADER = YES;
				CLANG_WARN_RANGE_LOOP_ANALYSIS = YES;
				CLANG_WARN_STRICT_PROTOTYPES = YES;
				CLANG_WARN_SUSPICIOUS_MOVE = YES;
				CLANG_WARN_UNGUARDED_AVAILABILITY = YES_AGGRESSIVE;
				CLANG_WARN_UNREACHABLE_CODE = YES;
				CLANG_WARN__DUPLICATE_METHOD_MATCH = YES;
				COPY_PHASE_STRIP = NO;
				DEBUG_INFORMATION_FORMAT = "dwarf-with-dsym";
				ENABLE_NS_ASSERTIONS = NO;
				ENABLE_STRICT_OBJC_MSGSEND = YES;
				ENABLE_USER_SCRIPT_SANDBOXING = YES;
				GCC_C_LANGUAGE_STANDARD = gnu17;
				GCC_NO_COMMON_BLOCKS = YES;
				GCC_WARN_64_TO_32_BIT_CONVERSION = YES;
				GCC_WARN_ABOUT_RETURN_TYPE = YES_ERROR;
				GCC_WARN_UNDECLARED_SELECTOR = YES;
				GCC_WARN_UNINITIALIZED_AUTOS = YES_AGGRESSIVE;
				GCC_WARN_UNUSED_FUNCTION = YES;
				GCC_WARN_UNUSED_VARIABLE = YES;
				IPHONEOS_DEPLOYMENT_TARGET = 17.2;
				LOCALIZATION_PREFERS_STRING_CATALOGS = YES;
				MTL_ENABLE_DEBUG_INFO = NO;
				MTL_FAST_MATH = YES;
				SDKROOT = iphoneos;
				SWIFT_COMPILATION_MODE = wholemodule;
				VALIDATE_PRODUCT = YES;
			};
			name = Release;
		};
		0B2774992B8F0F3B004FE13C /* Debug */ = {
			isa = XCBuildConfiguration;
			buildSettings = {
				ASSETCATALOG_COMPILER_APPICON_NAME = AppIcon;
				ASSETCATALOG_COMPILER_GLOBAL_ACCENT_COLOR_NAME = AccentColor;
				CODE_SIGN_STYLE = Automatic;
				CURRENT_PROJECT_VERSION = 1;
				DEVELOPMENT_ASSET_PATHS = "\"MemorizeApp/Preview Content\"";
				DEVELOPMENT_TEAM = 4A97L3UKSA;
				ENABLE_PREVIEWS = YES;
				GENERATE_INFOPLIST_FILE = YES;
				INFOPLIST_KEY_UIApplicationSceneManifest_Generation = YES;
				INFOPLIST_KEY_UIApplicationSupportsIndirectInputEvents = YES;
				INFOPLIST_KEY_UILaunchScreen_Generation = YES;
				INFOPLIST_KEY_UISupportedInterfaceOrientations_iPad = "UIInterfaceOrientationPortrait UIInterfaceOrientationPortraitUpsideDown UIInterfaceOrientationLandscapeLeft UIInterfaceOrientationLandscapeRight";
				INFOPLIST_KEY_UISupportedInterfaceOrientations_iPhone = "UIInterfaceOrientationPortrait UIInterfaceOrientationLandscapeLeft UIInterfaceOrientationLandscapeRight";
				LD_RUNPATH_SEARCH_PATHS = (
					"$(inherited)",
					"@executable_path/Frameworks",
				);
				MARKETING_VERSION = 1.0;
				PRODUCT_BUNDLE_IDENTIFIER = "github.com-qonstant.MemorizeApp";
				PRODUCT_NAME = "$(TARGET_NAME)";
				SWIFT_EMIT_LOC_STRINGS = YES;
				SWIFT_VERSION = 5.0;
				TARGETED_DEVICE_FAMILY = "1,2";
			};
			name = Debug;
		};
		0B27749A2B8F0F3B004FE13C /* Release */ = {
			isa = XCBuildConfiguration;
			buildSettings = {
				ASSETCATALOG_COMPILER_APPICON_NAME = AppIcon;
				ASSETCATALOG_COMPILER_GLOBAL_ACCENT_COLOR_NAME = AccentColor;
				CODE_SIGN_STYLE = Automatic;
				CURRENT_PROJECT_VERSION = 1;
				DEVELOPMENT_ASSET_PATHS = "\"MemorizeApp/Preview Content\"";
				DEVELOPMENT_TEAM = 4A97L3UKSA;
				ENABLE_PREVIEWS = YES;
				GENERATE_INFOPLIST_FILE = YES;
				INFOPLIST_KEY_UIApplicationSceneManifest_Generation = YES;
				INFOPLIST_KEY_UIApplicationSupportsIndirectInputEvents = YES;
				INFOPLIST_KEY_UILaunchScreen_Generation = YES;
				INFOPLIST_KEY_UISupportedInterfaceOrientations_iPad = "UIInterfaceOrientationPortrait UIInterfaceOrientationPortraitUpsideDown UIInterfaceOrientationLandscapeLeft UIInterfaceOrientationLandscapeRight";
				INFOPLIST_KEY_UISupportedInterfaceOrientations_iPhone = "UIInterfaceOrientationPortrait UIInterfaceOrientationLandscapeLeft UIInterfaceOrientationLandscapeRight";
				LD_RUNPATH_SEARCH_PATHS = (
					"$(inherited)",
					"@executable_path/Frameworks",
				);
				MARKETING_VERSION = 1.0;
				PRODUCT_BUNDLE_IDENTIFIER = "github.com-qonstant.MemorizeApp";
				PRODUCT_NAME = "$(TARGET_NAME)";
				SWIFT_EMIT_LOC_STRINGS = YES;
				SWIFT_VERSION = 5.0;
				TARGETED_DEVICE_FAMILY = "1,2";
			};
			name = Release;
		};
/* End XCBuildConfiguration section */

/* Begin XCConfigurationList section */
		0B2774852B8F0F3B004FE13C /* Build configuration list for PBXProject "MemorizeApp" */ = {
			isa = XCConfigurationList;
			buildConfigurations = (
				0B2774962B8F0F3B004FE13C /* Debug */,
				0B2774972B8F0F3B004FE13C /* Release */,
			);
			defaultConfigurationIsVisible = 0;
			defaultConfigurationName = Release;
		};
		0B2774982B8F0F3B004FE13C /* Build configuration list for PBXNativeTarget "MemorizeApp" */ = {
			isa = XCConfigurationList;
			buildConfigurations = (
				0B2774992B8F0F3B004FE13C /* Debug */,
				0B27749A2B8F0F3B004FE13C /* Release */,
			);
			defaultConfigurationIsVisible = 0;
			defaultConfigurationName = Release;
		};
/* End XCConfigurationList section */
	};
	rootObject = 0B2774822B8F0F3B004FE13C /* Project object */;
}
