// !$*UTF8*$!
{
	archiveVersion = 1;
	classes = {
	};
	objectVersion = 56;
	objects = {

/* Begin PBXBuildFile section */
		0B3D3C932B8C471500A4CFF8 /* NewsAPIApp.swift in Sources */ = {isa = PBXBuildFile; fileRef = 0B3D3C922B8C471500A4CFF8 /* NewsAPIApp.swift */; };
		0B3D3C952B8C471500A4CFF8 /* ContentView.swift in Sources */ = {isa = PBXBuildFile; fileRef = 0B3D3C942B8C471500A4CFF8 /* ContentView.swift */; };
		0B3D3C972B8C471600A4CFF8 /* Assets.xcassets in Resources */ = {isa = PBXBuildFile; fileRef = 0B3D3C962B8C471600A4CFF8 /* Assets.xcassets */; };
		0B3D3C9B2B8C471600A4CFF8 /* Preview Assets.xcassets in Resources */ = {isa = PBXBuildFile; fileRef = 0B3D3C9A2B8C471600A4CFF8 /* Preview Assets.xcassets */; };
		0B3D3CA32B8C4A4C00A4CFF8 /* Alamofire in Frameworks */ = {isa = PBXBuildFile; productRef = 0B3D3CA22B8C4A4C00A4CFF8 /* Alamofire */; };
		0B3D3CA52B8C83AA00A4CFF8 /* ViewModel.swift in Sources */ = {isa = PBXBuildFile; fileRef = 0B3D3CA42B8C83AA00A4CFF8 /* ViewModel.swift */; };
		0B3D3CA82B8CA9DB00A4CFF8 /* Model.swift in Sources */ = {isa = PBXBuildFile; fileRef = 0B3D3CA72B8CA9DB00A4CFF8 /* Model.swift */; };
		0B93020E2B8D0291008C1BA9 /* Archive.swift in Sources */ = {isa = PBXBuildFile; fileRef = 0B93020D2B8D0291008C1BA9 /* Archive.swift */; };
		0B9302102B8D02A3008C1BA9 /* Everything.swift in Sources */ = {isa = PBXBuildFile; fileRef = 0B93020F2B8D02A3008C1BA9 /* Everything.swift */; };
		0B9302142B8D02D2008C1BA9 /* TopHeadlines.swift in Sources */ = {isa = PBXBuildFile; fileRef = 0B9302132B8D02D2008C1BA9 /* TopHeadlines.swift */; };
		0B9302172B8DF17F008C1BA9 /* ArticleModel.xcdatamodeld in Sources */ = {isa = PBXBuildFile; fileRef = 0B9302152B8DF17F008C1BA9 /* ArticleModel.xcdatamodeld */; };
		0B9302222B8DFC23008C1BA9 /* DataController.swift in Sources */ = {isa = PBXBuildFile; fileRef = 0B9302212B8DFC23008C1BA9 /* DataController.swift */; };
/* End PBXBuildFile section */

/* Begin PBXFileReference section */
		0B3D3C8F2B8C471500A4CFF8 /* NewsAPI.app */ = {isa = PBXFileReference; explicitFileType = wrapper.application; includeInIndex = 0; path = NewsAPI.app; sourceTree = BUILT_PRODUCTS_DIR; };
		0B3D3C922B8C471500A4CFF8 /* NewsAPIApp.swift */ = {isa = PBXFileReference; lastKnownFileType = sourcecode.swift; path = NewsAPIApp.swift; sourceTree = "<group>"; };
		0B3D3C942B8C471500A4CFF8 /* ContentView.swift */ = {isa = PBXFileReference; lastKnownFileType = sourcecode.swift; path = ContentView.swift; sourceTree = "<group>"; };
		0B3D3C962B8C471600A4CFF8 /* Assets.xcassets */ = {isa = PBXFileReference; lastKnownFileType = folder.assetcatalog; path = Assets.xcassets; sourceTree = "<group>"; };
		0B3D3C982B8C471600A4CFF8 /* NewsAPI.entitlements */ = {isa = PBXFileReference; lastKnownFileType = text.plist.entitlements; path = NewsAPI.entitlements; sourceTree = "<group>"; };
		0B3D3C9A2B8C471600A4CFF8 /* Preview Assets.xcassets */ = {isa = PBXFileReference; lastKnownFileType = folder.assetcatalog; path = "Preview Assets.xcassets"; sourceTree = "<group>"; };
		0B3D3CA42B8C83AA00A4CFF8 /* ViewModel.swift */ = {isa = PBXFileReference; lastKnownFileType = sourcecode.swift; path = ViewModel.swift; sourceTree = "<group>"; };
		0B3D3CA72B8CA9DB00A4CFF8 /* Model.swift */ = {isa = PBXFileReference; lastKnownFileType = sourcecode.swift; path = Model.swift; sourceTree = "<group>"; };
		0B93020D2B8D0291008C1BA9 /* Archive.swift */ = {isa = PBXFileReference; lastKnownFileType = sourcecode.swift; path = Archive.swift; sourceTree = "<group>"; };
		0B93020F2B8D02A3008C1BA9 /* Everything.swift */ = {isa = PBXFileReference; lastKnownFileType = sourcecode.swift; path = Everything.swift; sourceTree = "<group>"; };
		0B9302132B8D02D2008C1BA9 /* TopHeadlines.swift */ = {isa = PBXFileReference; lastKnownFileType = sourcecode.swift; path = TopHeadlines.swift; sourceTree = "<group>"; };
		0B9302162B8DF17F008C1BA9 /* Model.xcdatamodel */ = {isa = PBXFileReference; lastKnownFileType = wrapper.xcdatamodel; path = Model.xcdatamodel; sourceTree = "<group>"; };
		0B9302212B8DFC23008C1BA9 /* DataController.swift */ = {isa = PBXFileReference; lastKnownFileType = sourcecode.swift; path = DataController.swift; sourceTree = "<group>"; };
/* End PBXFileReference section */

/* Begin PBXFrameworksBuildPhase section */
		0B3D3C8C2B8C471500A4CFF8 /* Frameworks */ = {
			isa = PBXFrameworksBuildPhase;
			buildActionMask = 2147483647;
			files = (
				0B3D3CA32B8C4A4C00A4CFF8 /* Alamofire in Frameworks */,
			);
			runOnlyForDeploymentPostprocessing = 0;
		};
/* End PBXFrameworksBuildPhase section */

/* Begin PBXGroup section */
		0B3D3C862B8C471500A4CFF8 = {
			isa = PBXGroup;
			children = (
				0B3D3C912B8C471500A4CFF8 /* NewsAPI */,
				0B3D3C902B8C471500A4CFF8 /* Products */,
			);
			sourceTree = "<group>";
		};
		0B3D3C902B8C471500A4CFF8 /* Products */ = {
			isa = PBXGroup;
			children = (
				0B3D3C8F2B8C471500A4CFF8 /* NewsAPI.app */,
			);
			name = Products;
			sourceTree = "<group>";
		};
		0B3D3C912B8C471500A4CFF8 /* NewsAPI */ = {
			isa = PBXGroup;
			children = (
				0B9302202B8DFC00008C1BA9 /* Data */,
				0B93020C2B8D027C008C1BA9 /* Views */,
				0B3D3C922B8C471500A4CFF8 /* NewsAPIApp.swift */,
				0B3D3C942B8C471500A4CFF8 /* ContentView.swift */,
				0B3D3C962B8C471600A4CFF8 /* Assets.xcassets */,
				0B3D3C982B8C471600A4CFF8 /* NewsAPI.entitlements */,
				0B3D3C992B8C471600A4CFF8 /* Preview Content */,
				0B3D3CA42B8C83AA00A4CFF8 /* ViewModel.swift */,
				0B3D3CA72B8CA9DB00A4CFF8 /* Model.swift */,
			);
			path = NewsAPI;
			sourceTree = "<group>";
		};
		0B3D3C992B8C471600A4CFF8 /* Preview Content */ = {
			isa = PBXGroup;
			children = (
				0B3D3C9A2B8C471600A4CFF8 /* Preview Assets.xcassets */,
			);
			path = "Preview Content";
			sourceTree = "<group>";
		};
		0B93020C2B8D027C008C1BA9 /* Views */ = {
			isa = PBXGroup;
			children = (
				0B93020D2B8D0291008C1BA9 /* Archive.swift */,
				0B93020F2B8D02A3008C1BA9 /* Everything.swift */,
				0B9302132B8D02D2008C1BA9 /* TopHeadlines.swift */,
			);
			path = Views;
			sourceTree = "<group>";
		};
		0B9302202B8DFC00008C1BA9 /* Data */ = {
			isa = PBXGroup;
			children = (
				0B9302152B8DF17F008C1BA9 /* ArticleModel.xcdatamodeld */,
				0B9302212B8DFC23008C1BA9 /* DataController.swift */,
			);
			path = Data;
			sourceTree = "<group>";
		};
/* End PBXGroup section */

/* Begin PBXNativeTarget section */
		0B3D3C8E2B8C471500A4CFF8 /* NewsAPI */ = {
			isa = PBXNativeTarget;
			buildConfigurationList = 0B3D3C9E2B8C471600A4CFF8 /* Build configuration list for PBXNativeTarget "NewsAPI" */;
			buildPhases = (
				0B3D3C8B2B8C471500A4CFF8 /* Sources */,
				0B3D3C8C2B8C471500A4CFF8 /* Frameworks */,
				0B3D3C8D2B8C471500A4CFF8 /* Resources */,
			);
			buildRules = (
			);
			dependencies = (
			);
			name = NewsAPI;
			packageProductDependencies = (
				0B3D3CA22B8C4A4C00A4CFF8 /* Alamofire */,
			);
			productName = NewsAPI;
			productReference = 0B3D3C8F2B8C471500A4CFF8 /* NewsAPI.app */;
			productType = "com.apple.product-type.application";
		};
/* End PBXNativeTarget section */

/* Begin PBXProject section */
		0B3D3C872B8C471500A4CFF8 /* Project object */ = {
			isa = PBXProject;
			attributes = {
				BuildIndependentTargetsInParallel = 1;
				LastSwiftUpdateCheck = 1520;
				LastUpgradeCheck = 1520;
				TargetAttributes = {
					0B3D3C8E2B8C471500A4CFF8 = {
						CreatedOnToolsVersion = 15.2;
					};
				};
			};
			buildConfigurationList = 0B3D3C8A2B8C471500A4CFF8 /* Build configuration list for PBXProject "NewsAPI" */;
			compatibilityVersion = "Xcode 14.0";
			developmentRegion = en;
			hasScannedForEncodings = 0;
			knownRegions = (
				en,
				Base,
			);
			mainGroup = 0B3D3C862B8C471500A4CFF8;
			packageReferences = (
				0B3D3CA12B8C4A4C00A4CFF8 /* XCRemoteSwiftPackageReference "Alamofire" */,
			);
			productRefGroup = 0B3D3C902B8C471500A4CFF8 /* Products */;
			projectDirPath = "";
			projectRoot = "";
			targets = (
				0B3D3C8E2B8C471500A4CFF8 /* NewsAPI */,
			);
		};
/* End PBXProject section */

/* Begin PBXResourcesBuildPhase section */
		0B3D3C8D2B8C471500A4CFF8 /* Resources */ = {
			isa = PBXResourcesBuildPhase;
			buildActionMask = 2147483647;
			files = (
				0B3D3C9B2B8C471600A4CFF8 /* Preview Assets.xcassets in Resources */,
				0B3D3C972B8C471600A4CFF8 /* Assets.xcassets in Resources */,
			);
			runOnlyForDeploymentPostprocessing = 0;
		};
/* End PBXResourcesBuildPhase section */

/* Begin PBXSourcesBuildPhase section */
		0B3D3C8B2B8C471500A4CFF8 /* Sources */ = {
			isa = PBXSourcesBuildPhase;
			buildActionMask = 2147483647;
			files = (
				0B93020E2B8D0291008C1BA9 /* Archive.swift in Sources */,
				0B3D3C952B8C471500A4CFF8 /* ContentView.swift in Sources */,
				0B9302142B8D02D2008C1BA9 /* TopHeadlines.swift in Sources */,
				0B9302172B8DF17F008C1BA9 /* ArticleModel.xcdatamodeld in Sources */,
				0B9302222B8DFC23008C1BA9 /* DataController.swift in Sources */,
				0B9302102B8D02A3008C1BA9 /* Everything.swift in Sources */,
				0B3D3CA52B8C83AA00A4CFF8 /* ViewModel.swift in Sources */,
				0B3D3C932B8C471500A4CFF8 /* NewsAPIApp.swift in Sources */,
				0B3D3CA82B8CA9DB00A4CFF8 /* Model.swift in Sources */,
			);
			runOnlyForDeploymentPostprocessing = 0;
		};
/* End PBXSourcesBuildPhase section */

/* Begin XCBuildConfiguration section */
		0B3D3C9C2B8C471600A4CFF8 /* Debug */ = {
			isa = XCBuildConfiguration;
			buildSettings = {
				ALWAYS_SEARCH_USER_PATHS = NO;
				ASSETCATALOG_COMPILER_GENERATE_SWIFT_ASSET_SYMBOL_EXTENSIONS = YES;
				CLANG_ANALYZER_NONNULL = YES;
				CLANG_ANALYZER_NUMBER_OBJECT_CONVERSION = YES_AGGRESSIVE;
				CLANG_CXX_LANGUAGE_STANDARD = "gnu++20";
				CLANG_ENABLE_MODULES = YES;
				CLANG_ENABLE_OBJC_ARC = YES;
				CLANG_ENABLE_OBJC_WEAK = YES;
				CLANG_WARN_BLOCK_CAPTURE_AUTORELEASING = YES;
				CLANG_WARN_BOOL_CONVERSION = YES;
				CLANG_WARN_COMMA = YES;
				CLANG_WARN_CONSTANT_CONVERSION = YES;
				CLANG_WARN_DEPRECATED_OBJC_IMPLEMENTATIONS = YES;
				CLANG_WARN_DIRECT_OBJC_ISA_USAGE = YES_ERROR;
				CLANG_WARN_DOCUMENTATION_COMMENTS = YES;
				CLANG_WARN_EMPTY_BODY = YES;
				CLANG_WARN_ENUM_CONVERSION = YES;
				CLANG_WARN_INFINITE_RECURSION = YES;
				CLANG_WARN_INT_CONVERSION = YES;
				CLANG_WARN_NON_LITERAL_NULL_CONVERSION = YES;
				CLANG_WARN_OBJC_IMPLICIT_RETAIN_SELF = YES;
				CLANG_WARN_OBJC_LITERAL_CONVERSION = YES;
				CLANG_WARN_OBJC_ROOT_CLASS = YES_ERROR;
				CLANG_WARN_QUOTED_INCLUDE_IN_FRAMEWORK_HEADER = YES;
				CLANG_WARN_RANGE_LOOP_ANALYSIS = YES;
				CLANG_WARN_STRICT_PROTOTYPES = YES;
				CLANG_WARN_SUSPICIOUS_MOVE = YES;
				CLANG_WARN_UNGUARDED_AVAILABILITY = YES_AGGRESSIVE;
				CLANG_WARN_UNREACHABLE_CODE = YES;
				CLANG_WARN__DUPLICATE_METHOD_MATCH = YES;
				COPY_PHASE_STRIP = NO;
				DEBUG_INFORMATION_FORMAT = dwarf;
				ENABLE_STRICT_OBJC_MSGSEND = YES;
				ENABLE_TESTABILITY = YES;
				ENABLE_USER_SCRIPT_SANDBOXING = YES;
				GCC_C_LANGUAGE_STANDARD = gnu17;
				GCC_DYNAMIC_NO_PIC = NO;
				GCC_NO_COMMON_BLOCKS = YES;
				GCC_OPTIMIZATION_LEVEL = 0;
				GCC_PREPROCESSOR_DEFINITIONS = (
					"DEBUG=1",
					"$(inherited)",
				);
				GCC_WARN_64_TO_32_BIT_CONVERSION = YES;
				GCC_WARN_ABOUT_RETURN_TYPE = YES_ERROR;
				GCC_WARN_UNDECLARED_SELECTOR = YES;
				GCC_WARN_UNINITIALIZED_AUTOS = YES_AGGRESSIVE;
				GCC_WARN_UNUSED_FUNCTION = YES;
				GCC_WARN_UNUSED_VARIABLE = YES;
				LOCALIZATION_PREFERS_STRING_CATALOGS = YES;
				MTL_ENABLE_DEBUG_INFO = INCLUDE_SOURCE;
				MTL_FAST_MATH = YES;
				ONLY_ACTIVE_ARCH = YES;
				SWIFT_ACTIVE_COMPILATION_CONDITIONS = "DEBUG $(inherited)";
				SWIFT_OPTIMIZATION_LEVEL = "-Onone";
			};
			name = Debug;
		};
		0B3D3C9D2B8C471600A4CFF8 /* Release */ = {
			isa = XCBuildConfiguration;
			buildSettings = {
				ALWAYS_SEARCH_USER_PATHS = NO;
				ASSETCATALOG_COMPILER_GENERATE_SWIFT_ASSET_SYMBOL_EXTENSIONS = YES;
				CLANG_ANALYZER_NONNULL = YES;
				CLANG_ANALYZER_NUMBER_OBJECT_CONVERSION = YES_AGGRESSIVE;
				CLANG_CXX_LANGUAGE_STANDARD = "gnu++20";
				CLANG_ENABLE_MODULES = YES;
				CLANG_ENABLE_OBJC_ARC = YES;
				CLANG_ENABLE_OBJC_WEAK = YES;
				CLANG_WARN_BLOCK_CAPTURE_AUTORELEASING = YES;
				CLANG_WARN_BOOL_CONVERSION = YES;
				CLANG_WARN_COMMA = YES;
				CLANG_WARN_CONSTANT_CONVERSION = YES;
				CLANG_WARN_DEPRECATED_OBJC_IMPLEMENTATIONS = YES;
				CLANG_WARN_DIRECT_OBJC_ISA_USAGE = YES_ERROR;
				CLANG_WARN_DOCUMENTATION_COMMENTS = YES;
				CLANG_WARN_EMPTY_BODY = YES;
				CLANG_WARN_ENUM_CONVERSION = YES;
				CLANG_WARN_INFINITE_RECURSION = YES;
				CLANG_WARN_INT_CONVERSION = YES;
				CLANG_WARN_NON_LITERAL_NULL_CONVERSION = YES;
				CLANG_WARN_OBJC_IMPLICIT_RETAIN_SELF = YES;
				CLANG_WARN_OBJC_LITERAL_CONVERSION = YES;
				CLANG_WARN_OBJC_ROOT_CLASS = YES_ERROR;
				CLANG_WARN_QUOTED_INCLUDE_IN_FRAMEWORK_HEADER = YES;
				CLANG_WARN_RANGE_LOOP_ANALYSIS = YES;
				CLANG_WARN_STRICT_PROTOTYPES = YES;
				CLANG_WARN_SUSPICIOUS_MOVE = YES;
				CLANG_WARN_UNGUARDED_AVAILABILITY = YES_AGGRESSIVE;
				CLANG_WARN_UNREACHABLE_CODE = YES;
				CLANG_WARN__DUPLICATE_METHOD_MATCH = YES;
				COPY_PHASE_STRIP = NO;
				DEBUG_INFORMATION_FORMAT = "dwarf-with-dsym";
				ENABLE_NS_ASSERTIONS = NO;
				ENABLE_STRICT_OBJC_MSGSEND = YES;
				ENABLE_USER_SCRIPT_SANDBOXING = YES;
				GCC_C_LANGUAGE_STANDARD = gnu17;
				GCC_NO_COMMON_BLOCKS = YES;
				GCC_WARN_64_TO_32_BIT_CONVERSION = YES;
				GCC_WARN_ABOUT_RETURN_TYPE = YES_ERROR;
				GCC_WARN_UNDECLARED_SELECTOR = YES;
				GCC_WARN_UNINITIALIZED_AUTOS = YES_AGGRESSIVE;
				GCC_WARN_UNUSED_FUNCTION = YES;
				GCC_WARN_UNUSED_VARIABLE = YES;
				LOCALIZATION_PREFERS_STRING_CATALOGS = YES;
				MTL_ENABLE_DEBUG_INFO = NO;
				MTL_FAST_MATH = YES;
				SWIFT_COMPILATION_MODE = wholemodule;
			};
			name = Release;
		};
		0B3D3C9F2B8C471600A4CFF8 /* Debug */ = {
			isa = XCBuildConfiguration;
			buildSettings = {
				ASSETCATALOG_COMPILER_APPICON_NAME = AppIcon;
				ASSETCATALOG_COMPILER_GLOBAL_ACCENT_COLOR_NAME = AccentColor;
				CODE_SIGN_ENTITLEMENTS = NewsAPI/NewsAPI.entitlements;
				CODE_SIGN_STYLE = Automatic;
				CURRENT_PROJECT_VERSION = 1;
				DEVELOPMENT_ASSET_PATHS = "\"NewsAPI/Preview Content\"";
				DEVELOPMENT_TEAM = 4A97L3UKSA;
				ENABLE_HARDENED_RUNTIME = YES;
				ENABLE_PREVIEWS = YES;
				GENERATE_INFOPLIST_FILE = YES;
				"INFOPLIST_KEY_UIApplicationSceneManifest_Generation[sdk=iphoneos*]" = YES;
				"INFOPLIST_KEY_UIApplicationSceneManifest_Generation[sdk=iphonesimulator*]" = YES;
				"INFOPLIST_KEY_UIApplicationSupportsIndirectInputEvents[sdk=iphoneos*]" = YES;
				"INFOPLIST_KEY_UIApplicationSupportsIndirectInputEvents[sdk=iphonesimulator*]" = YES;
				"INFOPLIST_KEY_UILaunchScreen_Generation[sdk=iphoneos*]" = YES;
				"INFOPLIST_KEY_UILaunchScreen_Generation[sdk=iphonesimulator*]" = YES;
				"INFOPLIST_KEY_UIStatusBarStyle[sdk=iphoneos*]" = UIStatusBarStyleDefault;
				"INFOPLIST_KEY_UIStatusBarStyle[sdk=iphonesimulator*]" = UIStatusBarStyleDefault;
				INFOPLIST_KEY_UISupportedInterfaceOrientations_iPad = "UIInterfaceOrientationPortrait UIInterfaceOrientationPortraitUpsideDown UIInterfaceOrientationLandscapeLeft UIInterfaceOrientationLandscapeRight";
				INFOPLIST_KEY_UISupportedInterfaceOrientations_iPhone = "UIInterfaceOrientationPortrait UIInterfaceOrientationLandscapeLeft UIInterfaceOrientationLandscapeRight";
				IPHONEOS_DEPLOYMENT_TARGET = 17.2;
				LD_RUNPATH_SEARCH_PATHS = "@executable_path/Frameworks";
				"LD_RUNPATH_SEARCH_PATHS[sdk=macosx*]" = "@executable_path/../Frameworks";
				MACOSX_DEPLOYMENT_TARGET = 14.2;
				MARKETING_VERSION = 1.0;
				PRODUCT_BUNDLE_IDENTIFIER = "github.com-qonstant.NewsAPI";
				PRODUCT_NAME = "$(TARGET_NAME)";
				SDKROOT = auto;
				SUPPORTED_PLATFORMS = "iphoneos iphonesimulator macosx";
				SWIFT_EMIT_LOC_STRINGS = YES;
				SWIFT_VERSION = 5.0;
				TARGETED_DEVICE_FAMILY = "1,2";
			};
			name = Debug;
		};
		0B3D3CA02B8C471600A4CFF8 /* Release */ = {
			isa = XCBuildConfiguration;
			buildSettings = {
				ASSETCATALOG_COMPILER_APPICON_NAME = AppIcon;
				ASSETCATALOG_COMPILER_GLOBAL_ACCENT_COLOR_NAME = AccentColor;
				CODE_SIGN_ENTITLEMENTS = NewsAPI/NewsAPI.entitlements;
				CODE_SIGN_STYLE = Automatic;
				CURRENT_PROJECT_VERSION = 1;
				DEVELOPMENT_ASSET_PATHS = "\"NewsAPI/Preview Content\"";
				DEVELOPMENT_TEAM = 4A97L3UKSA;
				ENABLE_HARDENED_RUNTIME = YES;
				ENABLE_PREVIEWS = YES;
				GENERATE_INFOPLIST_FILE = YES;
				"INFOPLIST_KEY_UIApplicationSceneManifest_Generation[sdk=iphoneos*]" = YES;
				"INFOPLIST_KEY_UIApplicationSceneManifest_Generation[sdk=iphonesimulator*]" = YES;
				"INFOPLIST_KEY_UIApplicationSupportsIndirectInputEvents[sdk=iphoneos*]" = YES;
				"INFOPLIST_KEY_UIApplicationSupportsIndirectInputEvents[sdk=iphonesimulator*]" = YES;
				"INFOPLIST_KEY_UILaunchScreen_Generation[sdk=iphoneos*]" = YES;
				"INFOPLIST_KEY_UILaunchScreen_Generation[sdk=iphonesimulator*]" = YES;
				"INFOPLIST_KEY_UIStatusBarStyle[sdk=iphoneos*]" = UIStatusBarStyleDefault;
				"INFOPLIST_KEY_UIStatusBarStyle[sdk=iphonesimulator*]" = UIStatusBarStyleDefault;
				INFOPLIST_KEY_UISupportedInterfaceOrientations_iPad = "UIInterfaceOrientationPortrait UIInterfaceOrientationPortraitUpsideDown UIInterfaceOrientationLandscapeLeft UIInterfaceOrientationLandscapeRight";
				INFOPLIST_KEY_UISupportedInterfaceOrientations_iPhone = "UIInterfaceOrientationPortrait UIInterfaceOrientationLandscapeLeft UIInterfaceOrientationLandscapeRight";
				IPHONEOS_DEPLOYMENT_TARGET = 17.2;
				LD_RUNPATH_SEARCH_PATHS = "@executable_path/Frameworks";
				"LD_RUNPATH_SEARCH_PATHS[sdk=macosx*]" = "@executable_path/../Frameworks";
				MACOSX_DEPLOYMENT_TARGET = 14.2;
				MARKETING_VERSION = 1.0;
				PRODUCT_BUNDLE_IDENTIFIER = "github.com-qonstant.NewsAPI";
				PRODUCT_NAME = "$(TARGET_NAME)";
				SDKROOT = auto;
				SUPPORTED_PLATFORMS = "iphoneos iphonesimulator macosx";
				SWIFT_EMIT_LOC_STRINGS = YES;
				SWIFT_VERSION = 5.0;
				TARGETED_DEVICE_FAMILY = "1,2";
			};
			name = Release;
		};
/* End XCBuildConfiguration section */

/* Begin XCConfigurationList section */
		0B3D3C8A2B8C471500A4CFF8 /* Build configuration list for PBXProject "NewsAPI" */ = {
			isa = XCConfigurationList;
			buildConfigurations = (
				0B3D3C9C2B8C471600A4CFF8 /* Debug */,
				0B3D3C9D2B8C471600A4CFF8 /* Release */,
			);
			defaultConfigurationIsVisible = 0;
			defaultConfigurationName = Release;
		};
		0B3D3C9E2B8C471600A4CFF8 /* Build configuration list for PBXNativeTarget "NewsAPI" */ = {
			isa = XCConfigurationList;
			buildConfigurations = (
				0B3D3C9F2B8C471600A4CFF8 /* Debug */,
				0B3D3CA02B8C471600A4CFF8 /* Release */,
			);
			defaultConfigurationIsVisible = 0;
			defaultConfigurationName = Release;
		};
/* End XCConfigurationList section */

/* Begin XCRemoteSwiftPackageReference section */
		0B3D3CA12B8C4A4C00A4CFF8 /* XCRemoteSwiftPackageReference "Alamofire" */ = {
			isa = XCRemoteSwiftPackageReference;
			repositoryURL = "https://github.com/Alamofire/Alamofire";
			requirement = {
				kind = upToNextMajorVersion;
				minimumVersion = 5.8.1;
			};
		};
/* End XCRemoteSwiftPackageReference section */

/* Begin XCSwiftPackageProductDependency section */
		0B3D3CA22B8C4A4C00A4CFF8 /* Alamofire */ = {
			isa = XCSwiftPackageProductDependency;
			package = 0B3D3CA12B8C4A4C00A4CFF8 /* XCRemoteSwiftPackageReference "Alamofire" */;
			productName = Alamofire;
		};
/* End XCSwiftPackageProductDependency section */

/* Begin XCVersionGroup section */
		0B9302152B8DF17F008C1BA9 /* ArticleModel.xcdatamodeld */ = {
			isa = XCVersionGroup;
			children = (
				0B9302162B8DF17F008C1BA9 /* Model.xcdatamodel */,
			);
			currentVersion = 0B9302162B8DF17F008C1BA9 /* Model.xcdatamodel */;
			path = ArticleModel.xcdatamodeld;
			sourceTree = "<group>";
			versionGroupType = wrapper.xcdatamodel;
		};
/* End XCVersionGroup section */
	};
	rootObject = 0B3D3C872B8C471500A4CFF8 /* Project object */;
}
